// !$*UTF8*$!
{
	archiveVersion = 1;
	classes = {
	};
	objectVersion = 46;
	objects = {

/* Begin PBXBuildFile section */
		21E73B90301EF9C51B4204FD /* Pods_Netease.framework in Frameworks */ = {isa = PBXBuildFile; fileRef = 08AAC2A6E30139099CC829AA /* Pods_Netease.framework */; };
		8132212B1F384B8700C21486 /* MainTabBarViewController.swift in Sources */ = {isa = PBXBuildFile; fileRef = 8132212A1F384B8700C21486 /* MainTabBarViewController.swift */; };
		8132212E1F384D1D00C21486 /* NavigationViewController.swift in Sources */ = {isa = PBXBuildFile; fileRef = 8132212D1F384D1D00C21486 /* NavigationViewController.swift */; };
		813221301F384D9E00C21486 /* HomeViewController.swift in Sources */ = {isa = PBXBuildFile; fileRef = 8132212F1F384D9E00C21486 /* HomeViewController.swift */; };
		813221321F38514500C21486 /* NewsControllerCoordinator.swift in Sources */ = {isa = PBXBuildFile; fileRef = 813221311F38514500C21486 /* NewsControllerCoordinator.swift */; };
		813221341F38518300C21486 /* NewsViewController.swift in Sources */ = {isa = PBXBuildFile; fileRef = 813221331F38518300C21486 /* NewsViewController.swift */; };
		814B1BD21F383B7700E1CE05 /* AppDelegate.swift in Sources */ = {isa = PBXBuildFile; fileRef = 814B1BD11F383B7700E1CE05 /* AppDelegate.swift */; };
		814B1BDA1F383B8000E1CE05 /* Assets.xcassets in Resources */ = {isa = PBXBuildFile; fileRef = 814B1BD41F383B8000E1CE05 /* Assets.xcassets */; };
		814B1BDB1F383B8000E1CE05 /* LaunchScreen.storyboard in Resources */ = {isa = PBXBuildFile; fileRef = 814B1BD51F383B8000E1CE05 /* LaunchScreen.storyboard */; };
		814B1BDC1F383B8000E1CE05 /* Main.storyboard in Resources */ = {isa = PBXBuildFile; fileRef = 814B1BD71F383B8000E1CE05 /* Main.storyboard */; };
		814B1BDD1F383B8000E1CE05 /* Info.plist in Resources */ = {isa = PBXBuildFile; fileRef = 814B1BD91F383B8000E1CE05 /* Info.plist */; };
		814B1BDF1F383BB900E1CE05 /* MainTabbarControllerCoordinator.swift in Sources */ = {isa = PBXBuildFile; fileRef = 814B1BDE1F383BB900E1CE05 /* MainTabbarControllerCoordinator.swift */; };
		814B1BF61F3842F400E1CE05 /* HomeViewModel.swift in Sources */ = {isa = PBXBuildFile; fileRef = 814B1BF51F3842F400E1CE05 /* HomeViewModel.swift */; };
		814B1BF81F3843E800E1CE05 /* HomeControllerCoordinator.swift in Sources */ = {isa = PBXBuildFile; fileRef = 814B1BF71F3843E800E1CE05 /* HomeControllerCoordinator.swift */; };
		818767341F3944310068AB1A /* LiveViewController.swift in Sources */ = {isa = PBXBuildFile; fileRef = 818767331F3944310068AB1A /* LiveViewController.swift */; };
		818767361F3944450068AB1A /* LiveControllerCoordinator.swift in Sources */ = {isa = PBXBuildFile; fileRef = 818767351F3944450068AB1A /* LiveControllerCoordinator.swift */; };
		818767381F3944600068AB1A /* VideoControllerCoordinator.swift in Sources */ = {isa = PBXBuildFile; fileRef = 818767371F3944600068AB1A /* VideoControllerCoordinator.swift */; };
		8187673E1F3944AE0068AB1A /* MineControllerCoordinator.swift in Sources */ = {isa = PBXBuildFile; fileRef = 8187673D1F3944AE0068AB1A /* MineControllerCoordinator.swift */; };
		818767401F3944BB0068AB1A /* MineViewController.swift in Sources */ = {isa = PBXBuildFile; fileRef = 8187673F1F3944BB0068AB1A /* MineViewController.swift */; };
		818767421F3946420068AB1A /* VideoViewController.swift in Sources */ = {isa = PBXBuildFile; fileRef = 818767411F3946420068AB1A /* VideoViewController.swift */; };
		818767471F3957B10068AB1A /* Common.swift in Sources */ = {isa = PBXBuildFile; fileRef = 818767461F3957B10068AB1A /* Common.swift */; };
		8187674C1F395A230068AB1A /* UIColor+Extension.swift in Sources */ = {isa = PBXBuildFile; fileRef = 8187674B1F395A230068AB1A /* UIColor+Extension.swift */; };
		CE37ACBF1F333E6A00EA7BEF /* AppCoordinator.swift in Sources */ = {isa = PBXBuildFile; fileRef = CE37ACBD1F333E6A00EA7BEF /* AppCoordinator.swift */; };
		CE37ACC41F333E8000EA7BEF /* BaseCoordinator.swift in Sources */ = {isa = PBXBuildFile; fileRef = CE37ACC21F333E8000EA7BEF /* BaseCoordinator.swift */; };
		CE37ACC51F333E8000EA7BEF /* StoryboardInitializable.swift in Sources */ = {isa = PBXBuildFile; fileRef = CE37ACC31F333E8000EA7BEF /* StoryboardInitializable.swift */; };
/* End PBXBuildFile section */

/* Begin PBXFileReference section */
		08AAC2A6E30139099CC829AA /* Pods_Netease.framework */ = {isa = PBXFileReference; explicitFileType = wrapper.framework; includeInIndex = 0; path = Pods_Netease.framework; sourceTree = BUILT_PRODUCTS_DIR; };
		6C2455CBC864EB9D36104D61 /* Pods-Netease.release.xcconfig */ = {isa = PBXFileReference; includeInIndex = 1; lastKnownFileType = text.xcconfig; name = "Pods-Netease.release.xcconfig"; path = "Pods/Target Support Files/Pods-Netease/Pods-Netease.release.xcconfig"; sourceTree = "<group>"; };
		8132212A1F384B8700C21486 /* MainTabBarViewController.swift */ = {isa = PBXFileReference; fileEncoding = 4; lastKnownFileType = sourcecode.swift; path = MainTabBarViewController.swift; sourceTree = "<group>"; };
		8132212D1F384D1D00C21486 /* NavigationViewController.swift */ = {isa = PBXFileReference; fileEncoding = 4; lastKnownFileType = sourcecode.swift; path = NavigationViewController.swift; sourceTree = "<group>"; };
		8132212F1F384D9E00C21486 /* HomeViewController.swift */ = {isa = PBXFileReference; fileEncoding = 4; lastKnownFileType = sourcecode.swift; path = HomeViewController.swift; sourceTree = "<group>"; };
		813221311F38514500C21486 /* NewsControllerCoordinator.swift */ = {isa = PBXFileReference; fileEncoding = 4; lastKnownFileType = sourcecode.swift; name = NewsControllerCoordinator.swift; path = ../News/ViewController/NewsControllerCoordinator.swift; sourceTree = "<group>"; };
		813221331F38518300C21486 /* NewsViewController.swift */ = {isa = PBXFileReference; fileEncoding = 4; lastKnownFileType = sourcecode.swift; path = NewsViewController.swift; sourceTree = "<group>"; };
		814B1BD11F383B7700E1CE05 /* AppDelegate.swift */ = {isa = PBXFileReference; fileEncoding = 4; lastKnownFileType = sourcecode.swift; path = AppDelegate.swift; sourceTree = "<group>"; };
		814B1BD41F383B8000E1CE05 /* Assets.xcassets */ = {isa = PBXFileReference; lastKnownFileType = folder.assetcatalog; path = Assets.xcassets; sourceTree = "<group>"; };
		814B1BD61F383B8000E1CE05 /* Base */ = {isa = PBXFileReference; lastKnownFileType = file.storyboard; name = Base; path = Base.lproj/LaunchScreen.storyboard; sourceTree = "<group>"; };
		814B1BD81F383B8000E1CE05 /* Base */ = {isa = PBXFileReference; lastKnownFileType = file.storyboard; name = Base; path = Base.lproj/Main.storyboard; sourceTree = "<group>"; };
		814B1BD91F383B8000E1CE05 /* Info.plist */ = {isa = PBXFileReference; fileEncoding = 4; lastKnownFileType = text.plist.xml; path = Info.plist; sourceTree = "<group>"; };
		814B1BDE1F383BB900E1CE05 /* MainTabbarControllerCoordinator.swift */ = {isa = PBXFileReference; fileEncoding = 4; lastKnownFileType = sourcecode.swift; name = MainTabbarControllerCoordinator.swift; path = ../Main/MainTabbarControllerCoordinator.swift; sourceTree = "<group>"; };
		814B1BF51F3842F400E1CE05 /* HomeViewModel.swift */ = {isa = PBXFileReference; fileEncoding = 4; lastKnownFileType = sourcecode.swift; path = HomeViewModel.swift; sourceTree = "<group>"; };
		814B1BF71F3843E800E1CE05 /* HomeControllerCoordinator.swift */ = {isa = PBXFileReference; fileEncoding = 4; lastKnownFileType = sourcecode.swift; name = HomeControllerCoordinator.swift; path = ../Home/ViewController/HomeControllerCoordinator.swift; sourceTree = "<group>"; };
		818767331F3944310068AB1A /* LiveViewController.swift */ = {isa = PBXFileReference; fileEncoding = 4; lastKnownFileType = sourcecode.swift; path = LiveViewController.swift; sourceTree = "<group>"; };
		818767351F3944450068AB1A /* LiveControllerCoordinator.swift */ = {isa = PBXFileReference; fileEncoding = 4; lastKnownFileType = sourcecode.swift; name = LiveControllerCoordinator.swift; path = ../Live/ViewController/LiveControllerCoordinator.swift; sourceTree = "<group>"; };
		818767371F3944600068AB1A /* VideoControllerCoordinator.swift */ = {isa = PBXFileReference; fileEncoding = 4; lastKnownFileType = sourcecode.swift; name = VideoControllerCoordinator.swift; path = ../Video/ViewController/VideoControllerCoordinator.swift; sourceTree = "<group>"; };
		8187673D1F3944AE0068AB1A /* MineControllerCoordinator.swift */ = {isa = PBXFileReference; fileEncoding = 4; lastKnownFileType = sourcecode.swift; name = MineControllerCoordinator.swift; path = ../Mine/ViewController/MineControllerCoordinator.swift; sourceTree = "<group>"; };
		8187673F1F3944BB0068AB1A /* MineViewController.swift */ = {isa = PBXFileReference; fileEncoding = 4; lastKnownFileType = sourcecode.swift; path = MineViewController.swift; sourceTree = "<group>"; };
		818767411F3946420068AB1A /* VideoViewController.swift */ = {isa = PBXFileReference; fileEncoding = 4; lastKnownFileType = sourcecode.swift; path = VideoViewController.swift; sourceTree = "<group>"; };
		818767461F3957B10068AB1A /* Common.swift */ = {isa = PBXFileReference; fileEncoding = 4; lastKnownFileType = sourcecode.swift; path = Common.swift; sourceTree = "<group>"; };
		8187674B1F395A230068AB1A /* UIColor+Extension.swift */ = {isa = PBXFileReference; fileEncoding = 4; lastKnownFileType = sourcecode.swift; path = "UIColor+Extension.swift"; sourceTree = "<group>"; };
		CE37ACA71F333E4A00EA7BEF /* Netease.app */ = {isa = PBXFileReference; explicitFileType = wrapper.application; includeInIndex = 0; path = Netease.app; sourceTree = BUILT_PRODUCTS_DIR; };
		CE37ACBD1F333E6A00EA7BEF /* AppCoordinator.swift */ = {isa = PBXFileReference; fileEncoding = 4; lastKnownFileType = sourcecode.swift; path = AppCoordinator.swift; sourceTree = "<group>"; };
		CE37ACC21F333E8000EA7BEF /* BaseCoordinator.swift */ = {isa = PBXFileReference; fileEncoding = 4; lastKnownFileType = sourcecode.swift; path = BaseCoordinator.swift; sourceTree = "<group>"; };
		CE37ACC31F333E8000EA7BEF /* StoryboardInitializable.swift */ = {isa = PBXFileReference; fileEncoding = 4; lastKnownFileType = sourcecode.swift; path = StoryboardInitializable.swift; sourceTree = "<group>"; };
		F986DDC6E17F6319A485C73F /* Pods-Netease.debug.xcconfig */ = {isa = PBXFileReference; includeInIndex = 1; lastKnownFileType = text.xcconfig; name = "Pods-Netease.debug.xcconfig"; path = "Pods/Target Support Files/Pods-Netease/Pods-Netease.debug.xcconfig"; sourceTree = "<group>"; };
/* End PBXFileReference section */

/* Begin PBXFrameworksBuildPhase section */
		CE37ACA41F333E4A00EA7BEF /* Frameworks */ = {
			isa = PBXFrameworksBuildPhase;
			buildActionMask = 2147483647;
			files = (
				21E73B90301EF9C51B4204FD /* Pods_Netease.framework in Frameworks */,
			);
			runOnlyForDeploymentPostprocessing = 0;
		};
/* End PBXFrameworksBuildPhase section */

/* Begin PBXGroup section */
		2056E2A4C74569BB894DCD1A /* Frameworks */ = {
			isa = PBXGroup;
			children = (
				08AAC2A6E30139099CC829AA /* Pods_Netease.framework */,
			);
			name = Frameworks;
			sourceTree = "<group>";
		};
		8132212C1F384C1400C21486 /* Coordinators */ = {
			isa = PBXGroup;
			children = (
				814B1BDE1F383BB900E1CE05 /* MainTabbarControllerCoordinator.swift */,
				814B1BF71F3843E800E1CE05 /* HomeControllerCoordinator.swift */,
				813221311F38514500C21486 /* NewsControllerCoordinator.swift */,
				818767351F3944450068AB1A /* LiveControllerCoordinator.swift */,
				818767371F3944600068AB1A /* VideoControllerCoordinator.swift */,
				8187673D1F3944AE0068AB1A /* MineControllerCoordinator.swift */,
			);
			path = Coordinators;
			sourceTree = "<group>";
		};
		814B1BCA1F383B0D00E1CE05 /* Classes */ = {
			isa = PBXGroup;
			children = (
				8132212C1F384C1400C21486 /* Coordinators */,
				814B1BCD1F383B0D00E1CE05 /* Main */,
				814B1BCB1F383B0D00E1CE05 /* Home */,
				814B1BCF1F383B0D00E1CE05 /* News */,
				814B1BCC1F383B0D00E1CE05 /* Live */,
				814B1BD01F383B0D00E1CE05 /* Video */,
				814B1BCE1F383B0D00E1CE05 /* Mine */,
			);
			path = Classes;
			sourceTree = "<group>";
		};
		814B1BCB1F383B0D00E1CE05 /* Home */ = {
			isa = PBXGroup;
			children = (
				814B1BE11F3842AA00E1CE05 /* Model */,
				814B1BE21F3842AA00E1CE05 /* View */,
				814B1BE31F3842AA00E1CE05 /* ViewController */,
				814B1BE41F3842AA00E1CE05 /* ViewModel */,
			);
			path = Home;
			sourceTree = "<group>";
		};
		814B1BCC1F383B0D00E1CE05 /* Live */ = {
			isa = PBXGroup;
			children = (
				814B1BE51F3842B200E1CE05 /* Model */,
				814B1BE61F3842B200E1CE05 /* View */,
				814B1BE71F3842B200E1CE05 /* ViewController */,
				814B1BE81F3842B200E1CE05 /* ViewModel */,
			);
			path = Live;
			sourceTree = "<group>";
		};
		814B1BCD1F383B0D00E1CE05 /* Main */ = {
			isa = PBXGroup;
			children = (
				8132212A1F384B8700C21486 /* MainTabBarViewController.swift */,
				8132212D1F384D1D00C21486 /* NavigationViewController.swift */,
			);
			path = Main;
			sourceTree = "<group>";
		};
		814B1BCE1F383B0D00E1CE05 /* Mine */ = {
			isa = PBXGroup;
			children = (
				814B1BE91F3842BC00E1CE05 /* Model */,
				814B1BEA1F3842BC00E1CE05 /* View */,
				814B1BEB1F3842BC00E1CE05 /* ViewController */,
				814B1BEC1F3842BC00E1CE05 /* ViewModel */,
			);
			path = Mine;
			sourceTree = "<group>";
		};
		814B1BCF1F383B0D00E1CE05 /* News */ = {
			isa = PBXGroup;
			children = (
				814B1BED1F3842C300E1CE05 /* Model */,
				814B1BEE1F3842C300E1CE05 /* View */,
				814B1BEF1F3842C300E1CE05 /* ViewController */,
				814B1BF01F3842C300E1CE05 /* ViewModel */,
			);
			path = News;
			sourceTree = "<group>";
		};
		814B1BD01F383B0D00E1CE05 /* Video */ = {
			isa = PBXGroup;
			children = (
				814B1BF11F3842C900E1CE05 /* Model */,
				814B1BF21F3842C900E1CE05 /* View */,
				814B1BF31F3842C900E1CE05 /* ViewController */,
				814B1BF41F3842C900E1CE05 /* ViewModel */,
			);
			path = Video;
			sourceTree = "<group>";
		};
		814B1BD31F383B8000E1CE05 /* Resource */ = {
			isa = PBXGroup;
			children = (
				814B1BD41F383B8000E1CE05 /* Assets.xcassets */,
				814B1BD51F383B8000E1CE05 /* LaunchScreen.storyboard */,
				814B1BD71F383B8000E1CE05 /* Main.storyboard */,
				814B1BD91F383B8000E1CE05 /* Info.plist */,
			);
			path = Resource;
			sourceTree = "<group>";
		};
		814B1BE11F3842AA00E1CE05 /* Model */ = {
			isa = PBXGroup;
			children = (
			);
			path = Model;
			sourceTree = "<group>";
		};
		814B1BE21F3842AA00E1CE05 /* View */ = {
			isa = PBXGroup;
			children = (
			);
			path = View;
			sourceTree = "<group>";
		};
		814B1BE31F3842AA00E1CE05 /* ViewController */ = {
			isa = PBXGroup;
			children = (
				8132212F1F384D9E00C21486 /* HomeViewController.swift */,
			);
			path = ViewController;
			sourceTree = "<group>";
		};
		814B1BE41F3842AA00E1CE05 /* ViewModel */ = {
			isa = PBXGroup;
			children = (
				814B1BF51F3842F400E1CE05 /* HomeViewModel.swift */,
			);
			path = ViewModel;
			sourceTree = "<group>";
		};
		814B1BE51F3842B200E1CE05 /* Model */ = {
			isa = PBXGroup;
			children = (
			);
			path = Model;
			sourceTree = "<group>";
		};
		814B1BE61F3842B200E1CE05 /* View */ = {
			isa = PBXGroup;
			children = (
			);
			path = View;
			sourceTree = "<group>";
		};
		814B1BE71F3842B200E1CE05 /* ViewController */ = {
			isa = PBXGroup;
			children = (
				818767331F3944310068AB1A /* LiveViewController.swift */,
			);
			path = ViewController;
			sourceTree = "<group>";
		};
		814B1BE81F3842B200E1CE05 /* ViewModel */ = {
			isa = PBXGroup;
			children = (
			);
			path = ViewModel;
			sourceTree = "<group>";
		};
		814B1BE91F3842BC00E1CE05 /* Model */ = {
			isa = PBXGroup;
			children = (
			);
			path = Model;
			sourceTree = "<group>";
		};
		814B1BEA1F3842BC00E1CE05 /* View */ = {
			isa = PBXGroup;
			children = (
			);
			path = View;
			sourceTree = "<group>";
		};
		814B1BEB1F3842BC00E1CE05 /* ViewController */ = {
			isa = PBXGroup;
			children = (
				8187673F1F3944BB0068AB1A /* MineViewController.swift */,
			);
			path = ViewController;
			sourceTree = "<group>";
		};
		814B1BEC1F3842BC00E1CE05 /* ViewModel */ = {
			isa = PBXGroup;
			children = (
			);
			path = ViewModel;
			sourceTree = "<group>";
		};
		814B1BED1F3842C300E1CE05 /* Model */ = {
			isa = PBXGroup;
			children = (
			);
			path = Model;
			sourceTree = "<group>";
		};
		814B1BEE1F3842C300E1CE05 /* View */ = {
			isa = PBXGroup;
			children = (
			);
			path = View;
			sourceTree = "<group>";
		};
		814B1BEF1F3842C300E1CE05 /* ViewController */ = {
			isa = PBXGroup;
			children = (
				813221331F38518300C21486 /* NewsViewController.swift */,
			);
			path = ViewController;
			sourceTree = "<group>";
		};
		814B1BF01F3842C300E1CE05 /* ViewModel */ = {
			isa = PBXGroup;
			children = (
			);
			path = ViewModel;
			sourceTree = "<group>";
		};
		814B1BF11F3842C900E1CE05 /* Model */ = {
			isa = PBXGroup;
			children = (
			);
			path = Model;
			sourceTree = "<group>";
		};
		814B1BF21F3842C900E1CE05 /* View */ = {
			isa = PBXGroup;
			children = (
			);
			path = View;
			sourceTree = "<group>";
		};
		814B1BF31F3842C900E1CE05 /* ViewController */ = {
			isa = PBXGroup;
			children = (
				818767411F3946420068AB1A /* VideoViewController.swift */,
			);
			path = ViewController;
			sourceTree = "<group>";
		};
		814B1BF41F3842C900E1CE05 /* ViewModel */ = {
			isa = PBXGroup;
			children = (
			);
			path = ViewModel;
			sourceTree = "<group>";
		};
		818767441F3956BC0068AB1A /* Tool */ = {
			isa = PBXGroup;
			children = (
				818767481F3959EE0068AB1A /* Extension */,
			);
			path = Tool;
			sourceTree = "<group>";
		};
		818767451F3957A10068AB1A /* Utility */ = {
			isa = PBXGroup;
			children = (
				818767461F3957B10068AB1A /* Common.swift */,
			);
			path = Utility;
			sourceTree = "<group>";
		};
		818767481F3959EE0068AB1A /* Extension */ = {
			isa = PBXGroup;
			children = (
				818767491F3959EE0068AB1A /* UIKit */,
			);
			path = Extension;
			sourceTree = "<group>";
		};
		818767491F3959EE0068AB1A /* UIKit */ = {
			isa = PBXGroup;
			children = (
				8187674A1F3959EE0068AB1A /* UIColor */,
			);
			path = UIKit;
			sourceTree = "<group>";
		};
		8187674A1F3959EE0068AB1A /* UIColor */ = {
			isa = PBXGroup;
			children = (
				8187674B1F395A230068AB1A /* UIColor+Extension.swift */,
			);
			path = UIColor;
			sourceTree = "<group>";
		};
		C2C51BD6629146F24AB40735 /* Pods */ = {
			isa = PBXGroup;
			children = (
				F986DDC6E17F6319A485C73F /* Pods-Netease.debug.xcconfig */,
				6C2455CBC864EB9D36104D61 /* Pods-Netease.release.xcconfig */,
			);
			name = Pods;
			sourceTree = "<group>";
		};
		CE37AC9E1F333E4A00EA7BEF = {
			isa = PBXGroup;
			children = (
				CE37ACA91F333E4A00EA7BEF /* Netease */,
				CE37ACA81F333E4A00EA7BEF /* Products */,
				C2C51BD6629146F24AB40735 /* Pods */,
				2056E2A4C74569BB894DCD1A /* Frameworks */,
			);
			sourceTree = "<group>";
		};
		CE37ACA81F333E4A00EA7BEF /* Products */ = {
			isa = PBXGroup;
			children = (
				CE37ACA71F333E4A00EA7BEF /* Netease.app */,
			);
			name = Products;
			sourceTree = "<group>";
		};
		CE37ACA91F333E4A00EA7BEF /* Netease */ = {
			isa = PBXGroup;
			children = (
				CE37ACBC1F333E6A00EA7BEF /* App */,
				814B1BCA1F383B0D00E1CE05 /* Classes */,
				818767451F3957A10068AB1A /* Utility */,
				818767441F3956BC0068AB1A /* Tool */,
				CEDE05871F346F8C003DA741 /* Networking */,
				CE37ACC11F333E8000EA7BEF /* Library */,
				814B1BD31F383B8000E1CE05 /* Resource */,
			);
			path = Netease;
			sourceTree = "<group>";
		};
		CE37ACBC1F333E6A00EA7BEF /* App */ = {
			isa = PBXGroup;
			children = (
				814B1BD11F383B7700E1CE05 /* AppDelegate.swift */,
				CE37ACBD1F333E6A00EA7BEF /* AppCoordinator.swift */,
			);
			path = App;
			sourceTree = "<group>";
		};
		CE37ACC11F333E8000EA7BEF /* Library */ = {
			isa = PBXGroup;
			children = (
				CE37ACC21F333E8000EA7BEF /* BaseCoordinator.swift */,
				CE37ACC31F333E8000EA7BEF /* StoryboardInitializable.swift */,
			);
			path = Library;
			sourceTree = "<group>";
		};
		CEDE05871F346F8C003DA741 /* Networking */ = {
			isa = PBXGroup;
			children = (
			);
			path = Networking;
			sourceTree = "<group>";
		};
/* End PBXGroup section */

/* Begin PBXNativeTarget section */
		CE37ACA61F333E4A00EA7BEF /* Netease */ = {
			isa = PBXNativeTarget;
			buildConfigurationList = CE37ACB91F333E4A00EA7BEF /* Build configuration list for PBXNativeTarget "Netease" */;
			buildPhases = (
				D628E58292D83C6F75B287AE /* [CP] Check Pods Manifest.lock */,
				CE37ACA31F333E4A00EA7BEF /* Sources */,
				CE37ACA41F333E4A00EA7BEF /* Frameworks */,
				CE37ACA51F333E4A00EA7BEF /* Resources */,
				A438DA017C72E32A6228F6E4 /* [CP] Embed Pods Frameworks */,
				53332AA98B87742B467EEBBC /* [CP] Copy Pods Resources */,
			);
			buildRules = (
			);
			dependencies = (
			);
			name = Netease;
			productName = Netease;
			productReference = CE37ACA71F333E4A00EA7BEF /* Netease.app */;
			productType = "com.apple.product-type.application";
		};
/* End PBXNativeTarget section */

/* Begin PBXProject section */
		CE37AC9F1F333E4A00EA7BEF /* Project object */ = {
			isa = PBXProject;
			attributes = {
				LastSwiftUpdateCheck = 0830;
				LastUpgradeCheck = 0830;
				ORGANIZATIONNAME = mobin;
				TargetAttributes = {
					CE37ACA61F333E4A00EA7BEF = {
						CreatedOnToolsVersion = 8.3.2;
						DevelopmentTeam = E2VX2CKHBP;
						ProvisioningStyle = Automatic;
					};
				};
			};
			buildConfigurationList = CE37ACA21F333E4A00EA7BEF /* Build configuration list for PBXProject "Netease" */;
			compatibilityVersion = "Xcode 3.2";
			developmentRegion = English;
			hasScannedForEncodings = 0;
			knownRegions = (
				en,
				Base,
			);
			mainGroup = CE37AC9E1F333E4A00EA7BEF;
			productRefGroup = CE37ACA81F333E4A00EA7BEF /* Products */;
			projectDirPath = "";
			projectRoot = "";
			targets = (
				CE37ACA61F333E4A00EA7BEF /* Netease */,
			);
		};
/* End PBXProject section */

/* Begin PBXResourcesBuildPhase section */
		CE37ACA51F333E4A00EA7BEF /* Resources */ = {
			isa = PBXResourcesBuildPhase;
			buildActionMask = 2147483647;
			files = (
				814B1BDD1F383B8000E1CE05 /* Info.plist in Resources */,
				814B1BDC1F383B8000E1CE05 /* Main.storyboard in Resources */,
				814B1BDA1F383B8000E1CE05 /* Assets.xcassets in Resources */,
				814B1BDB1F383B8000E1CE05 /* LaunchScreen.storyboard in Resources */,
			);
			runOnlyForDeploymentPostprocessing = 0;
		};
/* End PBXResourcesBuildPhase section */

/* Begin PBXShellScriptBuildPhase section */
		53332AA98B87742B467EEBBC /* [CP] Copy Pods Resources */ = {
			isa = PBXShellScriptBuildPhase;
			buildActionMask = 2147483647;
			files = (
			);
			inputPaths = (
			);
			name = "[CP] Copy Pods Resources";
			outputPaths = (
			);
			runOnlyForDeploymentPostprocessing = 0;
			shellPath = /bin/sh;
			shellScript = "\"${SRCROOT}/Pods/Target Support Files/Pods-Netease/Pods-Netease-resources.sh\"\n";
			showEnvVarsInLog = 0;
		};
		A438DA017C72E32A6228F6E4 /* [CP] Embed Pods Frameworks */ = {
			isa = PBXShellScriptBuildPhase;
			buildActionMask = 2147483647;
			files = (
			);
			inputPaths = (
			);
			name = "[CP] Embed Pods Frameworks";
			outputPaths = (
			);
			runOnlyForDeploymentPostprocessing = 0;
			shellPath = /bin/sh;
			shellScript = "\"${SRCROOT}/Pods/Target Support Files/Pods-Netease/Pods-Netease-frameworks.sh\"\n";
			showEnvVarsInLog = 0;
		};
		D628E58292D83C6F75B287AE /* [CP] Check Pods Manifest.lock */ = {
			isa = PBXShellScriptBuildPhase;
			buildActionMask = 2147483647;
			files = (
			);
			inputPaths = (
			);
			name = "[CP] Check Pods Manifest.lock";
			outputPaths = (
			);
			runOnlyForDeploymentPostprocessing = 0;
			shellPath = /bin/sh;
			shellScript = "diff \"${PODS_ROOT}/../Podfile.lock\" \"${PODS_ROOT}/Manifest.lock\" > /dev/null\nif [ $? != 0 ] ; then\n    # print error to STDERR\n    echo \"error: The sandbox is not in sync with the Podfile.lock. Run 'pod install' or update your CocoaPods installation.\" >&2\n    exit 1\nfi\n";
			showEnvVarsInLog = 0;
		};
/* End PBXShellScriptBuildPhase section */

/* Begin PBXSourcesBuildPhase section */
		CE37ACA31F333E4A00EA7BEF /* Sources */ = {
			isa = PBXSourcesBuildPhase;
			buildActionMask = 2147483647;
			files = (
				CE37ACBF1F333E6A00EA7BEF /* AppCoordinator.swift in Sources */,
				8187673E1F3944AE0068AB1A /* MineControllerCoordinator.swift in Sources */,
				818767421F3946420068AB1A /* VideoViewController.swift in Sources */,
				814B1BF61F3842F400E1CE05 /* HomeViewModel.swift in Sources */,
				813221321F38514500C21486 /* NewsControllerCoordinator.swift in Sources */,
				813221341F38518300C21486 /* NewsViewController.swift in Sources */,
				814B1BDF1F383BB900E1CE05 /* MainTabbarControllerCoordinator.swift in Sources */,
				8132212E1F384D1D00C21486 /* NavigationViewController.swift in Sources */,
				818767361F3944450068AB1A /* LiveControllerCoordinator.swift in Sources */,
				814B1BF81F3843E800E1CE05 /* HomeControllerCoordinator.swift in Sources */,
				818767341F3944310068AB1A /* LiveViewController.swift in Sources */,
				813221301F384D9E00C21486 /* HomeViewController.swift in Sources */,
				818767401F3944BB0068AB1A /* MineViewController.swift in Sources */,
				818767381F3944600068AB1A /* VideoControllerCoordinator.swift in Sources */,
				8132212B1F384B8700C21486 /* MainTabBarViewController.swift in Sources */,
				818767471F3957B10068AB1A /* Common.swift in Sources */,
				CE37ACC51F333E8000EA7BEF /* StoryboardInitializable.swift in Sources */,
				814B1BD21F383B7700E1CE05 /* AppDelegate.swift in Sources */,
				CE37ACC41F333E8000EA7BEF /* BaseCoordinator.swift in Sources */,
				8187674C1F395A230068AB1A /* UIColor+Extension.swift in Sources */,
			);
			runOnlyForDeploymentPostprocessing = 0;
		};
/* End PBXSourcesBuildPhase section */

/* Begin PBXVariantGroup section */
		814B1BD51F383B8000E1CE05 /* LaunchScreen.storyboard */ = {
			isa = PBXVariantGroup;
			children = (
				814B1BD61F383B8000E1CE05 /* Base */,
			);
			name = LaunchScreen.storyboard;
			sourceTree = "<group>";
		};
		814B1BD71F383B8000E1CE05 /* Main.storyboard */ = {
			isa = PBXVariantGroup;
			children = (
				814B1BD81F383B8000E1CE05 /* Base */,
			);
			name = Main.storyboard;
			sourceTree = "<group>";
		};
/* End PBXVariantGroup section */

/* Begin XCBuildConfiguration section */
		CE37ACB71F333E4A00EA7BEF /* Debug */ = {
			isa = XCBuildConfiguration;
			buildSettings = {
				ALWAYS_SEARCH_USER_PATHS = NO;
				CLANG_ANALYZER_NONNULL = YES;
				CLANG_ANALYZER_NUMBER_OBJECT_CONVERSION = YES_AGGRESSIVE;
				CLANG_CXX_LANGUAGE_STANDARD = "gnu++0x";
				CLANG_CXX_LIBRARY = "libc++";
				CLANG_ENABLE_MODULES = YES;
				CLANG_ENABLE_OBJC_ARC = YES;
				CLANG_WARN_BOOL_CONVERSION = YES;
				CLANG_WARN_CONSTANT_CONVERSION = YES;
				CLANG_WARN_DIRECT_OBJC_ISA_USAGE = YES_ERROR;
				CLANG_WARN_DOCUMENTATION_COMMENTS = YES;
				CLANG_WARN_EMPTY_BODY = YES;
				CLANG_WARN_ENUM_CONVERSION = YES;
				CLANG_WARN_INFINITE_RECURSION = YES;
				CLANG_WARN_INT_CONVERSION = YES;
				CLANG_WARN_OBJC_ROOT_CLASS = YES_ERROR;
				CLANG_WARN_SUSPICIOUS_MOVE = YES;
				CLANG_WARN_UNREACHABLE_CODE = YES;
				CLANG_WARN__DUPLICATE_METHOD_MATCH = YES;
				"CODE_SIGN_IDENTITY[sdk=iphoneos*]" = "iPhone Developer";
				COPY_PHASE_STRIP = NO;
				DEBUG_INFORMATION_FORMAT = dwarf;
				ENABLE_STRICT_OBJC_MSGSEND = YES;
				ENABLE_TESTABILITY = YES;
				GCC_C_LANGUAGE_STANDARD = gnu99;
				GCC_DYNAMIC_NO_PIC = NO;
				GCC_NO_COMMON_BLOCKS = YES;
				GCC_OPTIMIZATION_LEVEL = 0;
				GCC_PREPROCESSOR_DEFINITIONS = (
					"DEBUG=1",
					"$(inherited)",
				);
				GCC_WARN_64_TO_32_BIT_CONVERSION = YES;
				GCC_WARN_ABOUT_RETURN_TYPE = YES_ERROR;
				GCC_WARN_UNDECLARED_SELECTOR = YES;
				GCC_WARN_UNINITIALIZED_AUTOS = YES_AGGRESSIVE;
				GCC_WARN_UNUSED_FUNCTION = YES;
				GCC_WARN_UNUSED_VARIABLE = YES;
				IPHONEOS_DEPLOYMENT_TARGET = 10.3;
				MTL_ENABLE_DEBUG_INFO = YES;
				ONLY_ACTIVE_ARCH = YES;
				SDKROOT = iphoneos;
				SWIFT_ACTIVE_COMPILATION_CONDITIONS = DEBUG;
				SWIFT_OPTIMIZATION_LEVEL = "-Onone";
			};
			name = Debug;
		};
		CE37ACB81F333E4A00EA7BEF /* Release */ = {
			isa = XCBuildConfiguration;
			buildSettings = {
				ALWAYS_SEARCH_USER_PATHS = NO;
				CLANG_ANALYZER_NONNULL = YES;
				CLANG_ANALYZER_NUMBER_OBJECT_CONVERSION = YES_AGGRESSIVE;
				CLANG_CXX_LANGUAGE_STANDARD = "gnu++0x";
				CLANG_CXX_LIBRARY = "libc++";
				CLANG_ENABLE_MODULES = YES;
				CLANG_ENABLE_OBJC_ARC = YES;
				CLANG_WARN_BOOL_CONVERSION = YES;
				CLANG_WARN_CONSTANT_CONVERSION = YES;
				CLANG_WARN_DIRECT_OBJC_ISA_USAGE = YES_ERROR;
				CLANG_WARN_DOCUMENTATION_COMMENTS = YES;
				CLANG_WARN_EMPTY_BODY = YES;
				CLANG_WARN_ENUM_CONVERSION = YES;
				CLANG_WARN_INFINITE_RECURSION = YES;
				CLANG_WARN_INT_CONVERSION = YES;
				CLANG_WARN_OBJC_ROOT_CLASS = YES_ERROR;
				CLANG_WARN_SUSPICIOUS_MOVE = YES;
				CLANG_WARN_UNREACHABLE_CODE = YES;
				CLANG_WARN__DUPLICATE_METHOD_MATCH = YES;
				"CODE_SIGN_IDENTITY[sdk=iphoneos*]" = "iPhone Developer";
				COPY_PHASE_STRIP = NO;
				DEBUG_INFORMATION_FORMAT = "dwarf-with-dsym";
				ENABLE_NS_ASSERTIONS = NO;
				ENABLE_STRICT_OBJC_MSGSEND = YES;
				GCC_C_LANGUAGE_STANDARD = gnu99;
				GCC_NO_COMMON_BLOCKS = YES;
				GCC_WARN_64_TO_32_BIT_CONVERSION = YES;
				GCC_WARN_ABOUT_RETURN_TYPE = YES_ERROR;
				GCC_WARN_UNDECLARED_SELECTOR = YES;
				GCC_WARN_UNINITIALIZED_AUTOS = YES_AGGRESSIVE;
				GCC_WARN_UNUSED_FUNCTION = YES;
				GCC_WARN_UNUSED_VARIABLE = YES;
				IPHONEOS_DEPLOYMENT_TARGET = 10.3;
				MTL_ENABLE_DEBUG_INFO = NO;
				SDKROOT = iphoneos;
				SWIFT_OPTIMIZATION_LEVEL = "-Owholemodule";
				VALIDATE_PRODUCT = YES;
			};
			name = Release;
		};
		CE37ACBA1F333E4A00EA7BEF /* Debug */ = {
			isa = XCBuildConfiguration;
			baseConfigurationReference = F986DDC6E17F6319A485C73F /* Pods-Netease.debug.xcconfig */;
			buildSettings = {
				ASSETCATALOG_COMPILER_APPICON_NAME = AppIcon;
				DEVELOPMENT_TEAM = E2VX2CKHBP;
				INFOPLIST_FILE = "$(SRCROOT)/Netease/Resource/Info.plist";
				LD_RUNPATH_SEARCH_PATHS = "$(inherited) @executable_path/Frameworks";
				PRODUCT_BUNDLE_IDENTIFIER = binM.Netease;
				PRODUCT_NAME = "$(TARGET_NAME)";
				SWIFT_VERSION = 3.0;
			};
			name = Debug;
		};
		CE37ACBB1F333E4A00EA7BEF /* Release */ = {
			isa = XCBuildConfiguration;
			baseConfigurationReference = 6C2455CBC864EB9D36104D61 /* Pods-Netease.release.xcconfig */;
			buildSettings = {
				ASSETCATALOG_COMPILER_APPICON_NAME = AppIcon;
				DEVELOPMENT_TEAM = E2VX2CKHBP;
				INFOPLIST_FILE = "$(SRCROOT)/Netease/Resource/Info.plist";
				LD_RUNPATH_SEARCH_PATHS = "$(inherited) @executable_path/Frameworks";
				PRODUCT_BUNDLE_IDENTIFIER = binM.Netease;
				PRODUCT_NAME = "$(TARGET_NAME)";
				SWIFT_VERSION = 3.0;
			};
			name = Release;
		};
/* End XCBuildConfiguration section */

/* Begin XCConfigurationList section */
		CE37ACA21F333E4A00EA7BEF /* Build configuration list for PBXProject "Netease" */ = {
			isa = XCConfigurationList;
			buildConfigurations = (
				CE37ACB71F333E4A00EA7BEF /* Debug */,
				CE37ACB81F333E4A00EA7BEF /* Release */,
			);
			defaultConfigurationIsVisible = 0;
			defaultConfigurationName = Release;
		};
		CE37ACB91F333E4A00EA7BEF /* Build configuration list for PBXNativeTarget "Netease" */ = {
			isa = XCConfigurationList;
			buildConfigurations = (
				CE37ACBA1F333E4A00EA7BEF /* Debug */,
				CE37ACBB1F333E4A00EA7BEF /* Release */,
			);
			defaultConfigurationIsVisible = 0;
			defaultConfigurationName = Release;
		};
/* End XCConfigurationList section */
	};
	rootObject = CE37AC9F1F333E4A00EA7BEF /* Project object */;
}
